
Microsoft Visual Studio Solution File, Format Version 12.00
#
Project("{2150E333-8FDC-42A3-9474-1A3956D46DE8}") = "Shared", "Shared", "{14D446BA-5B90-492B-B27F-30900A443EF9}"
EndProject
Project("{2150E333-8FDC-42A3-9474-1A3956D46DE8}") = "_mojoSMB", "_mojoSMB", "{4ABE089B-3D60-48C5-966E-46BCD3CAC559}"
EndProject
Project("{FAE04EC0-301F-11D3-BF4B-00C04F79EFBC}") = "mojofawad.Shared", "..\..\mojofawad\src\mojofawad.Shared\mojofawad.Shared.csproj", "{D10FF399-D8C1-4268-971A-5B78E20C6A76}"
EndProject
Project("{FAE04EC0-301F-11D3-BF4B-00C04F79EFBC}") = "mojofawad.Shared.Application", "..\..\mojofawad\src\mojofawad.Shared.Application\mojofawad.Shared.Application.csproj", "{EFDEFCD3-FC00-464D-BC56-45D77F1B838C}"
EndProject
Project("{FAE04EC0-301F-11D3-BF4B-00C04F79EFBC}") = "mojofawad.Shared.Domain", "..\..\mojofawad\src\mojofawad.Shared.Domain\mojofawad.Shared.Domain.csproj", "{DA5D0DFB-F201-482C-BEEC-637FC5F111FC}"
EndProject
Project("{FAE04EC0-301F-11D3-BF4B-00C04F79EFBC}") = "mojofawad.Shared.Infrastructure", "..\..\mojofawad\src\mojofawad.Shared.Infrastructure\mojofawad.Shared.Infrastructure.csproj", "{7147D7D1-6F14-421F-8E76-6FC4269861F4}"
EndProject
Project("{FAE04EC0-301F-11D3-BF4B-00C04F79EFBC}") = "mojofawad.Shared.ArchTests", "..\..\mojofawad\tests\mojofawad.Shared.ArchTests\mojofawad.Shared.ArchTests.csproj", "{C5BAB02D-5243-42FC-AC38-BF0BDCCA39B0}"
EndProject
Project("{FAE04EC0-301F-11D3-BF4B-00C04F79EFBC}") = "mojofawad.Shared.IntegrationTests", "..\..\mojofawad\tests\mojofawad.Shared.IntegrationTests\mojofawad.Shared.IntegrationTests.csproj", "{7202F8BE-FD5A-418F-AFB7-C3514DA5882C}"
EndProject
Project("{FAE04EC0-301F-11D3-BF4B-00C04F79EFBC}") = "mojofawad.Shared.UnitTests", "..\..\mojofawad\tests\mojofawad.Shared.UnitTests\mojofawad.Shared.UnitTests.csproj", "{E8DB8F4E-79E7-4251-9CC0-7EE60DEDAFDC}"
EndProject
Project("{2150E333-8FDC-42A3-9474-1A3956D46DE8}") = "Tests", "Tests", "{1F93684D-2E0B-40D5-A40D-6CAC15538E8C}"
EndProject
Project("{2150E333-8FDC-42A3-9474-1A3956D46DE8}") = "Boundary", "Boundary", "{AD6B2F11-7B20-4D7C-980D-7684897DEA6E}"
EndProject
Project("{2150E333-8FDC-42A3-9474-1A3956D46DE8}") = "Tests", "Tests", "{7EDFD300-E310-43CA-A787-83A95A36BD9C}"
EndProject
Project("{FAE04EC0-301F-11D3-BF4B-00C04F79EFBC}") = "mojoSMB.Boundary.UnitTests", "..\tests\mojoSMB.Boundary.UnitTests\mojoSMB.Boundary.UnitTests.csproj", "{94E06419-5D3F-4412-BCF8-F57217551306}"
EndProject
Project("{FAE04EC0-301F-11D3-BF4B-00C04F79EFBC}") = "mojoSMB.Boundary.IntegrationTests", "..\tests\mojoSMB.Boundary.IntegrationTests\mojoSMB.Boundary.IntegrationTests.csproj", "{E4CA4218-ED0C-4CB5-8A73-A31CD9C4FA44}"
EndProject
Project("{FAE04EC0-301F-11D3-BF4B-00C04F79EFBC}") = "mojoSMB.Boundary", "mojoSMB.Boundary\mojoSMB.Boundary.csproj", "{1F265028-8FEF-400C-9AA8-F3C89E271338}"
EndProject
Project("{FAE04EC0-301F-11D3-BF4B-00C04F79EFBC}") = "mojoSMB.Boundary.Application", "mojoSMB.Boundary.Application\mojoSMB.Boundary.Application.csproj", "{D4BF0E50-915A-465C-9FC2-BF707DDC234A}"
EndProject
Project("{FAE04EC0-301F-11D3-BF4B-00C04F79EFBC}") = "mojoSMB.Boundary.Domain", "mojoSMB.Boundary.Domain\mojoSMB.Boundary.Domain.csproj", "{05DA2450-C65E-4CF0-9054-C14278A377F0}"
EndProject
Project("{FAE04EC0-301F-11D3-BF4B-00C04F79EFBC}") = "mojoSMB.Boundary.Infrastructure", "mojoSMB.Boundary.Infrastructure\mojoSMB.Boundary.Infrastructure.csproj", "{6AB0B392-048F-47E6-9E6C-95681431AED6}"
EndProject
Global
	GlobalSection(SolutionConfigurationPlatforms) = preSolution
		Debug|Any CPU = Debug|Any CPU
		Release|Any CPU = Release|Any CPU
	EndGlobalSection
	GlobalSection(NestedProjects) = preSolution
		{D10FF399-D8C1-4268-971A-5B78E20C6A76} = {14D446BA-5B90-492B-B27F-30900A443EF9}
		{1F93684D-2E0B-40D5-A40D-6CAC15538E8C} = {14D446BA-5B90-492B-B27F-30900A443EF9}
		{AD6B2F11-7B20-4D7C-980D-7684897DEA6E} = {4ABE089B-3D60-48C5-966E-46BCD3CAC559}
		{C5BAB02D-5243-42FC-AC38-BF0BDCCA39B0} = {1F93684D-2E0B-40D5-A40D-6CAC15538E8C}
		{7202F8BE-FD5A-418F-AFB7-C3514DA5882C} = {1F93684D-2E0B-40D5-A40D-6CAC15538E8C}
		{E8DB8F4E-79E7-4251-9CC0-7EE60DEDAFDC} = {1F93684D-2E0B-40D5-A40D-6CAC15538E8C}
		{EFDEFCD3-FC00-464D-BC56-45D77F1B838C} = {14D446BA-5B90-492B-B27F-30900A443EF9}
		{DA5D0DFB-F201-482C-BEEC-637FC5F111FC} = {14D446BA-5B90-492B-B27F-30900A443EF9}
		{7147D7D1-6F14-421F-8E76-6FC4269861F4} = {14D446BA-5B90-492B-B27F-30900A443EF9}
		{7EDFD300-E310-43CA-A787-83A95A36BD9C} = {AD6B2F11-7B20-4D7C-980D-7684897DEA6E}
		{94E06419-5D3F-4412-BCF8-F57217551306} = {7EDFD300-E310-43CA-A787-83A95A36BD9C}
		{E4CA4218-ED0C-4CB5-8A73-A31CD9C4FA44} = {7EDFD300-E310-43CA-A787-83A95A36BD9C}
		{1F265028-8FEF-400C-9AA8-F3C89E271338} = {AD6B2F11-7B20-4D7C-980D-7684897DEA6E}
		{D4BF0E50-915A-465C-9FC2-BF707DDC234A} = {AD6B2F11-7B20-4D7C-980D-7684897DEA6E}
		{05DA2450-C65E-4CF0-9054-C14278A377F0} = {AD6B2F11-7B20-4D7C-980D-7684897DEA6E}
		{6AB0B392-048F-47E6-9E6C-95681431AED6} = {AD6B2F11-7B20-4D7C-980D-7684897DEA6E}
	EndGlobalSection
	GlobalSection(ProjectConfigurationPlatforms) = postSolution
		{D10FF399-D8C1-4268-971A-5B78E20C6A76}.Debug|Any CPU.ActiveCfg = Debug|Any CPU
		{D10FF399-D8C1-4268-971A-5B78E20C6A76}.Debug|Any CPU.Build.0 = Debug|Any CPU
		{D10FF399-D8C1-4268-971A-5B78E20C6A76}.Release|Any CPU.ActiveCfg = Release|Any CPU
		{D10FF399-D8C1-4268-971A-5B78E20C6A76}.Release|Any CPU.Build.0 = Release|Any CPU
		{EFDEFCD3-FC00-464D-BC56-45D77F1B838C}.Debug|Any CPU.ActiveCfg = Debug|Any CPU
		{EFDEFCD3-FC00-464D-BC56-45D77F1B838C}.Debug|Any CPU.Build.0 = Debug|Any CPU
		{EFDEFCD3-FC00-464D-BC56-45D77F1B838C}.Release|Any CPU.ActiveCfg = Release|Any CPU
		{EFDEFCD3-FC00-464D-BC56-45D77F1B838C}.Release|Any CPU.Build.0 = Release|Any CPU
		{DA5D0DFB-F201-482C-BEEC-637FC5F111FC}.Debug|Any CPU.ActiveCfg = Debug|Any CPU
		{DA5D0DFB-F201-482C-BEEC-637FC5F111FC}.Debug|Any CPU.Build.0 = Debug|Any CPU
		{DA5D0DFB-F201-482C-BEEC-637FC5F111FC}.Release|Any CPU.ActiveCfg = Release|Any CPU
		{DA5D0DFB-F201-482C-BEEC-637FC5F111FC}.Release|Any CPU.Build.0 = Release|Any CPU
		{7147D7D1-6F14-421F-8E76-6FC4269861F4}.Debug|Any CPU.ActiveCfg = Debug|Any CPU
		{7147D7D1-6F14-421F-8E76-6FC4269861F4}.Debug|Any CPU.Build.0 = Debug|Any CPU
		{7147D7D1-6F14-421F-8E76-6FC4269861F4}.Release|Any CPU.ActiveCfg = Release|Any CPU
		{7147D7D1-6F14-421F-8E76-6FC4269861F4}.Release|Any CPU.Build.0 = Release|Any CPU
		{C5BAB02D-5243-42FC-AC38-BF0BDCCA39B0}.Debug|Any CPU.ActiveCfg = Debug|Any CPU
		{C5BAB02D-5243-42FC-AC38-BF0BDCCA39B0}.Debug|Any CPU.Build.0 = Debug|Any CPU
		{C5BAB02D-5243-42FC-AC38-BF0BDCCA39B0}.Release|Any CPU.ActiveCfg = Release|Any CPU
		{C5BAB02D-5243-42FC-AC38-BF0BDCCA39B0}.Release|Any CPU.Build.0 = Release|Any CPU
		{7202F8BE-FD5A-418F-AFB7-C3514DA5882C}.Debug|Any CPU.ActiveCfg = Debug|Any CPU
		{7202F8BE-FD5A-418F-AFB7-C3514DA5882C}.Debug|Any CPU.Build.0 = Debug|Any CPU
		{7202F8BE-FD5A-418F-AFB7-C3514DA5882C}.Release|Any CPU.ActiveCfg = Release|Any CPU
		{7202F8BE-FD5A-418F-AFB7-C3514DA5882C}.Release|Any CPU.Build.0 = Release|Any CPU
		{E8DB8F4E-79E7-4251-9CC0-7EE60DEDAFDC}.Debug|Any CPU.ActiveCfg = Debug|Any CPU
		{E8DB8F4E-79E7-4251-9CC0-7EE60DEDAFDC}.Debug|Any CPU.Build.0 = Debug|Any CPU
		{E8DB8F4E-79E7-4251-9CC0-7EE60DEDAFDC}.Release|Any CPU.ActiveCfg = Release|Any CPU
		{E8DB8F4E-79E7-4251-9CC0-7EE60DEDAFDC}.Release|Any CPU.Build.0 = Release|Any CPU
		{94E06419-5D3F-4412-BCF8-F57217551306}.Debug|Any CPU.ActiveCfg = Debug|Any CPU
		{94E06419-5D3F-4412-BCF8-F57217551306}.Debug|Any CPU.Build.0 = Debug|Any CPU
		{94E06419-5D3F-4412-BCF8-F57217551306}.Release|Any CPU.ActiveCfg = Release|Any CPU
		{94E06419-5D3F-4412-BCF8-F57217551306}.Release|Any CPU.Build.0 = Release|Any CPU
		{E4CA4218-ED0C-4CB5-8A73-A31CD9C4FA44}.Debug|Any CPU.ActiveCfg = Debug|Any CPU
		{E4CA4218-ED0C-4CB5-8A73-A31CD9C4FA44}.Debug|Any CPU.Build.0 = Debug|Any CPU
		{E4CA4218-ED0C-4CB5-8A73-A31CD9C4FA44}.Release|Any CPU.ActiveCfg = Release|Any CPU
		{E4CA4218-ED0C-4CB5-8A73-A31CD9C4FA44}.Release|Any CPU.Build.0 = Release|Any CPU
		{1F265028-8FEF-400C-9AA8-F3C89E271338}.Debug|Any CPU.ActiveCfg = Debug|Any CPU
		{1F265028-8FEF-400C-9AA8-F3C89E271338}.Debug|Any CPU.Build.0 = Debug|Any CPU
		{1F265028-8FEF-400C-9AA8-F3C89E271338}.Release|Any CPU.ActiveCfg = Release|Any CPU
		{1F265028-8FEF-400C-9AA8-F3C89E271338}.Release|Any CPU.Build.0 = Release|Any CPU
		{D4BF0E50-915A-465C-9FC2-BF707DDC234A}.Debug|Any CPU.ActiveCfg = Debug|Any CPU
		{D4BF0E50-915A-465C-9FC2-BF707DDC234A}.Debug|Any CPU.Build.0 = Debug|Any CPU
		{D4BF0E50-915A-465C-9FC2-BF707DDC234A}.Release|Any CPU.ActiveCfg = Release|Any CPU
		{D4BF0E50-915A-465C-9FC2-BF707DDC234A}.Release|Any CPU.Build.0 = Release|Any CPU
		{05DA2450-C65E-4CF0-9054-C14278A377F0}.Debug|Any CPU.ActiveCfg = Debug|Any CPU
		{05DA2450-C65E-4CF0-9054-C14278A377F0}.Debug|Any CPU.Build.0 = Debug|Any CPU
		{05DA2450-C65E-4CF0-9054-C14278A377F0}.Release|Any CPU.ActiveCfg = Release|Any CPU
		{05DA2450-C65E-4CF0-9054-C14278A377F0}.Release|Any CPU.Build.0 = Release|Any CPU
		{6AB0B392-048F-47E6-9E6C-95681431AED6}.Debug|Any CPU.ActiveCfg = Debug|Any CPU
		{6AB0B392-048F-47E6-9E6C-95681431AED6}.Debug|Any CPU.Build.0 = Debug|Any CPU
		{6AB0B392-048F-47E6-9E6C-95681431AED6}.Release|Any CPU.ActiveCfg = Release|Any CPU
		{6AB0B392-048F-47E6-9E6C-95681431AED6}.Release|Any CPU.Build.0 = Release|Any CPU
	EndGlobalSection
EndGlobal
